
Microsoft Visual Studio Solution File, Format Version 12.00
# Visual Studio Version 17
VisualStudioVersion = 17.6.33723.286
MinimumVisualStudioVersion = 10.0.40219.1
Project("{FAE04EC0-301F-11D3-BF4B-00C04F79EFBC}") = "ConsoleApp21", "ConsoleApp21\ConsoleApp21.csproj", "{99BD92B3-93C5-42C4-BD8A-86F5BEF6C051}"
EndProject
Global
	GlobalSection(SolutionConfigurationPlatforms) = preSolution
		Debug|Any CPU = Debug|Any CPU
		Release|Any CPU = Release|Any CPU
	EndGlobalSection
	GlobalSection(ProjectConfigurationPlatforms) = postSolution
		{99BD92B3-93C5-42C4-BD8A-86F5BEF6C051}.Debug|Any CPU.ActiveCfg = Debug|Any CPU
		{99BD92B3-93C5-42C4-BD8A-86F5BEF6C051}.Debug|Any CPU.Build.0 = Debug|Any CPU
		{99BD92B3-93C5-42C4-BD8A-86F5BEF6C051}.Release|Any CPU.ActiveCfg = Release|Any CPU
		{99BD92B3-93C5-42C4-BD8A-86F5BEF6C051}.Release|Any CPU.Build.0 = Release|Any CPU
	EndGlobalSection
	GlobalSection(SolutionProperties) = preSolution
		HideSolutionNode = FALSE
	EndGlobalSection
	GlobalSection(ExtensibilityGlobals) = postSolution
		SolutionGuid = {540327FF-A0CD-4C6D-A924-A8BE4C50CB90}
	EndGlobalSection
EndGlobal
